
Microsoft Visual Studio Solution File, Format Version 12.00
# Visual Studio Version 16
VisualStudioVersion = 16.0.29411.108
MinimumVisualStudioVersion = 10.0.40219.1
Project("{FAE04EC0-301F-11D3-BF4B-00C04F79EFBC}") = "memo_game_prototype", "memo_game_prototype.csproj", "{C9B0A398-B709-4A0C-B344-BA8268A9E94D}"
EndProject
Global
	GlobalSection(SolutionConfigurationPlatforms) = preSolution
		Debug|Any CPU = Debug|Any CPU
		Release|Any CPU = Release|Any CPU
	EndGlobalSection
	GlobalSection(ProjectConfigurationPlatforms) = postSolution
		{C9B0A398-B709-4A0C-B344-BA8268A9E94D}.Debug|Any CPU.ActiveCfg = Debug|Any CPU
		{C9B0A398-B709-4A0C-B344-BA8268A9E94D}.Debug|Any CPU.Build.0 = Debug|Any CPU
		{C9B0A398-B709-4A0C-B344-BA8268A9E94D}.Release|Any CPU.ActiveCfg = Release|Any CPU
		{C9B0A398-B709-4A0C-B344-BA8268A9E94D}.Release|Any CPU.Build.0 = Release|Any CPU
	EndGlobalSection
	GlobalSection(SolutionProperties) = preSolution
		HideSolutionNode = FALSE
	EndGlobalSection
	GlobalSection(ExtensibilityGlobals) = postSolution
		SolutionGuid = {3B7573F7-9DFB-45A3-AE0C-FDFF5A0DDF84}
	EndGlobalSection
EndGlobal
