
Microsoft Visual Studio Solution File, Format Version 12.00
# Visual Studio Version 16
VisualStudioVersion = 16.0.29411.108
MinimumVisualStudioVersion = 10.0.40219.1
Project("{FAE04EC0-301F-11D3-BF4B-00C04F79EFBC}") = "memoryGame", "memoryGame.csproj", "{38BC8F86-E38D-4113-A2A8-CD68E7697967}"
EndProject
Global
	GlobalSection(SolutionConfigurationPlatforms) = preSolution
		Debug|Any CPU = Debug|Any CPU
		Release|Any CPU = Release|Any CPU
	EndGlobalSection
	GlobalSection(ProjectConfigurationPlatforms) = postSolution
		{38BC8F86-E38D-4113-A2A8-CD68E7697967}.Debug|Any CPU.ActiveCfg = Debug|Any CPU
		{38BC8F86-E38D-4113-A2A8-CD68E7697967}.Debug|Any CPU.Build.0 = Debug|Any CPU
		{38BC8F86-E38D-4113-A2A8-CD68E7697967}.Release|Any CPU.ActiveCfg = Release|Any CPU
		{38BC8F86-E38D-4113-A2A8-CD68E7697967}.Release|Any CPU.Build.0 = Release|Any CPU
	EndGlobalSection
	GlobalSection(SolutionProperties) = preSolution
		HideSolutionNode = FALSE
	EndGlobalSection
	GlobalSection(ExtensibilityGlobals) = postSolution
		SolutionGuid = {FD9E8B00-30C1-444B-9F2E-1B63CBBBDB56}
	EndGlobalSection
EndGlobal
