
Microsoft Visual Studio Solution File, Format Version 12.00
# Visual Studio Version 16
VisualStudioVersion = 16.0.29411.108
MinimumVisualStudioVersion = 10.0.40219.1
Project("{FAE04EC0-301F-11D3-BF4B-00C04F79EFBC}") = "memoryGame", "memoryGame.csproj", "{CF628E52-2AF2-4FB7-ABEA-6818E0CBE6BF}"
EndProject
Project("{54435603-DBB4-11D2-8724-00A0C9A8B90C}") = "Setup1", "..\Setup1\Setup1.vdproj", "{FF68D32E-F3BD-42D6-AA6F-54CF80CF92CC}"
EndProject
Global
	GlobalSection(SolutionConfigurationPlatforms) = preSolution
		Debug|Any CPU = Debug|Any CPU
		Release|Any CPU = Release|Any CPU
	EndGlobalSection
	GlobalSection(ProjectConfigurationPlatforms) = postSolution
		{CF628E52-2AF2-4FB7-ABEA-6818E0CBE6BF}.Debug|Any CPU.ActiveCfg = Debug|Any CPU
		{CF628E52-2AF2-4FB7-ABEA-6818E0CBE6BF}.Debug|Any CPU.Build.0 = Debug|Any CPU
		{CF628E52-2AF2-4FB7-ABEA-6818E0CBE6BF}.Release|Any CPU.ActiveCfg = Release|Any CPU
		{CF628E52-2AF2-4FB7-ABEA-6818E0CBE6BF}.Release|Any CPU.Build.0 = Release|Any CPU
		{FF68D32E-F3BD-42D6-AA6F-54CF80CF92CC}.Debug|Any CPU.ActiveCfg = Debug
		{FF68D32E-F3BD-42D6-AA6F-54CF80CF92CC}.Release|Any CPU.ActiveCfg = Release
	EndGlobalSection
	GlobalSection(SolutionProperties) = preSolution
		HideSolutionNode = FALSE
	EndGlobalSection
	GlobalSection(ExtensibilityGlobals) = postSolution
		SolutionGuid = {A1BCA791-1BE3-4EB0-A438-20A96EAFD9D8}
	EndGlobalSection
EndGlobal
